// !$*UTF8*$!
{
	archiveVersion = 1;
	classes = {
	};
	objectVersion = 50;
	objects = {

/* Begin PBXGroup section */
		801F1DFC254B5ACE0070E88F = {
			isa = PBXGroup;
			children = (
			);
			sourceTree = "<group>";
		};
/* End PBXGroup section */

/* Begin PBXProject section */
		801F1DFD254B5ACE0070E88F /* Project object */ = {
			isa = PBXProject;
			attributes = {
				LastUpgradeCheck = 1130;
			};
			buildConfigurationList = 801F1E00254B5ACE0070E88F /* Build configuration list for PBXProject "EDAP10" */;
			compatibilityVersion = "Xcode 9.3";
			developmentRegion = en;
			hasScannedForEncodings = 0;
			knownRegions = (
				en,
				Base,
			);
			mainGroup = 801F1DFC254B5ACE0070E88F;
			projectDirPath = "";
			projectRoot = "";
			targets = (
			);
		};
/* End PBXProject section */

/* Begin XCBuildConfiguration section */
		801F1E01254B5ACE0070E88F /* Debug */ = {
			isa = XCBuildConfiguration;
			buildSettings = {
			};
			name = Debug;
		};
		801F1E02254B5ACE0070E88F /* Release */ = {
			isa = XCBuildConfiguration;
			buildSettings = {
			};
			name = Release;
		};
/* End XCBuildConfiguration section */

/* Begin XCConfigurationList section */
		801F1E00254B5ACE0070E88F /* Build configuration list for PBXProject "EDAP10" */ = {
			isa = XCConfigurationList;
			buildConfigurations = (
				801F1E01254B5ACE0070E88F /* Debug */,
				801F1E02254B5ACE0070E88F /* Release */,
			);
			defaultConfigurationIsVisible = 0;
			defaultConfigurationName = Release;
		};
/* End XCConfigurationList section */
	};
	rootObject = 801F1DFD254B5ACE0070E88F /* Project object */;
}
